
Microsoft Visual Studio Solution File, Format Version 12.00
# Visual Studio Version 17
VisualStudioVersion = 17.9.34616.47
MinimumVisualStudioVersion = 10.0.40219.1
Project("{8BC9CEB8-8B4A-11D0-8D11-00A0C91BC942}") = "VariableTypes", "VariableTypes\VariableTypes.vcxproj", "{2F4C5A57-2391-4262-A7C9-E21766E35C55}"
EndProject
Global
	GlobalSection(SolutionConfigurationPlatforms) = preSolution
		Debug|x64 = Debug|x64
		Debug|x86 = Debug|x86
		Release|x64 = Release|x64
		Release|x86 = Release|x86
	EndGlobalSection
	GlobalSection(ProjectConfigurationPlatforms) = postSolution
		{2F4C5A57-2391-4262-A7C9-E21766E35C55}.Debug|x64.ActiveCfg = Debug|x64
		{2F4C5A57-2391-4262-A7C9-E21766E35C55}.Debug|x64.Build.0 = Debug|x64
		{2F4C5A57-2391-4262-A7C9-E21766E35C55}.Debug|x86.ActiveCfg = Debug|Win32
		{2F4C5A57-2391-4262-A7C9-E21766E35C55}.Debug|x86.Build.0 = Debug|Win32
		{2F4C5A57-2391-4262-A7C9-E21766E35C55}.Release|x64.ActiveCfg = Release|x64
		{2F4C5A57-2391-4262-A7C9-E21766E35C55}.Release|x64.Build.0 = Release|x64
		{2F4C5A57-2391-4262-A7C9-E21766E35C55}.Release|x86.ActiveCfg = Release|Win32
		{2F4C5A57-2391-4262-A7C9-E21766E35C55}.Release|x86.Build.0 = Release|Win32
	EndGlobalSection
	GlobalSection(SolutionProperties) = preSolution
		HideSolutionNode = FALSE
	EndGlobalSection
	GlobalSection(ExtensibilityGlobals) = postSolution
		SolutionGuid = {1BDE2D6C-CA7A-4561-BD95-4436ABAC5051}
	EndGlobalSection
EndGlobal
